
Microsoft Visual Studio Solution File, Format Version 12.00
# Visual Studio Version 16
VisualStudioVersion = 16.0.30204.135
MinimumVisualStudioVersion = 10.0.40219.1
Project("{FAE04EC0-301F-11D3-BF4B-00C04F79EFBC}") = "Studio", "Studio\Studio.csproj", "{4B38D5CA-0503-48BE-8DDC-221A8D525D3F}"
EndProject
Global
	GlobalSection(SolutionConfigurationPlatforms) = preSolution
		Debug|Any CPU = Debug|Any CPU
		Release|Any CPU = Release|Any CPU
	EndGlobalSection
	GlobalSection(ProjectConfigurationPlatforms) = postSolution
		{4B38D5CA-0503-48BE-8DDC-221A8D525D3F}.Debug|Any CPU.ActiveCfg = Debug|Any CPU
		{4B38D5CA-0503-48BE-8DDC-221A8D525D3F}.Debug|Any CPU.Build.0 = Debug|Any CPU
		{4B38D5CA-0503-48BE-8DDC-221A8D525D3F}.Release|Any CPU.ActiveCfg = Release|Any CPU
		{4B38D5CA-0503-48BE-8DDC-221A8D525D3F}.Release|Any CPU.Build.0 = Release|Any CPU
	EndGlobalSection
	GlobalSection(SolutionProperties) = preSolution
		HideSolutionNode = FALSE
	EndGlobalSection
	GlobalSection(ExtensibilityGlobals) = postSolution
		SolutionGuid = {C82FCC26-4DEA-4C58-9A7A-3BCD67902393}
	EndGlobalSection
EndGlobal
